
Microsoft Visual Studio Solution File, Format Version 12.00
# Visual Studio Version 17
VisualStudioVersion = 17.6.33723.286
MinimumVisualStudioVersion = 10.0.40219.1
Project("{8BC9CEB8-8B4A-11D0-8D11-00A0C91BC942}") = "PassandoArraysparaFuncoes", "PassandoArraysparaFuncoes.vcxproj", "{4125AC9A-5FC0-4E85-9EC7-BB5D91FAEB4F}"
EndProject
Global
	GlobalSection(SolutionConfigurationPlatforms) = preSolution
		Debug|x64 = Debug|x64
		Debug|x86 = Debug|x86
		Release|x64 = Release|x64
		Release|x86 = Release|x86
	EndGlobalSection
	GlobalSection(ProjectConfigurationPlatforms) = postSolution
		{4125AC9A-5FC0-4E85-9EC7-BB5D91FAEB4F}.Debug|x64.ActiveCfg = Debug|x64
		{4125AC9A-5FC0-4E85-9EC7-BB5D91FAEB4F}.Debug|x64.Build.0 = Debug|x64
		{4125AC9A-5FC0-4E85-9EC7-BB5D91FAEB4F}.Debug|x86.ActiveCfg = Debug|Win32
		{4125AC9A-5FC0-4E85-9EC7-BB5D91FAEB4F}.Debug|x86.Build.0 = Debug|Win32
		{4125AC9A-5FC0-4E85-9EC7-BB5D91FAEB4F}.Release|x64.ActiveCfg = Release|x64
		{4125AC9A-5FC0-4E85-9EC7-BB5D91FAEB4F}.Release|x64.Build.0 = Release|x64
		{4125AC9A-5FC0-4E85-9EC7-BB5D91FAEB4F}.Release|x86.ActiveCfg = Release|Win32
		{4125AC9A-5FC0-4E85-9EC7-BB5D91FAEB4F}.Release|x86.Build.0 = Release|Win32
	EndGlobalSection
	GlobalSection(SolutionProperties) = preSolution
		HideSolutionNode = FALSE
	EndGlobalSection
	GlobalSection(ExtensibilityGlobals) = postSolution
		SolutionGuid = {B8CD51EB-8759-49CC-8F31-465484FDA1AF}
	EndGlobalSection
EndGlobal
